
Microsoft Visual Studio Solution File, Format Version 12.00
# Visual Studio 15
VisualStudioVersion = 15.0.28010.2048
MinimumVisualStudioVersion = 10.0.40219.1
Project("{FAE04EC0-301F-11D3-BF4B-00C04F79EFBC}") = "Events_Example", "Events_Example\Events_Example.csproj", "{92CA7EAA-FE42-4601-9D47-D4AFFF2BC55A}"
EndProject
Global
	GlobalSection(SolutionConfigurationPlatforms) = preSolution
		Debug|Any CPU = Debug|Any CPU
		Release|Any CPU = Release|Any CPU
	EndGlobalSection
	GlobalSection(ProjectConfigurationPlatforms) = postSolution
		{92CA7EAA-FE42-4601-9D47-D4AFFF2BC55A}.Debug|Any CPU.ActiveCfg = Debug|Any CPU
		{92CA7EAA-FE42-4601-9D47-D4AFFF2BC55A}.Debug|Any CPU.Build.0 = Debug|Any CPU
		{92CA7EAA-FE42-4601-9D47-D4AFFF2BC55A}.Release|Any CPU.ActiveCfg = Release|Any CPU
		{92CA7EAA-FE42-4601-9D47-D4AFFF2BC55A}.Release|Any CPU.Build.0 = Release|Any CPU
	EndGlobalSection
	GlobalSection(SolutionProperties) = preSolution
		HideSolutionNode = FALSE
	EndGlobalSection
	GlobalSection(ExtensibilityGlobals) = postSolution
		SolutionGuid = {83F782B3-1A73-4811-8AEF-A154EF6D921B}
	EndGlobalSection
EndGlobal
